
Microsoft Visual Studio Solution File, Format Version 12.00
# Visual Studio 15
VisualStudioVersion = 15.0.27703.2042
MinimumVisualStudioVersion = 10.0.40219.1
Project("{FAE04EC0-301F-11D3-BF4B-00C04F79EFBC}") = "Speech", "Speec\Speech.csproj", "{7BA60F72-14F3-4F54-9858-A7D5DD8E9847}"
EndProject
Global
	GlobalSection(SolutionConfigurationPlatforms) = preSolution
		Debug|Any CPU = Debug|Any CPU
		Release|Any CPU = Release|Any CPU
	EndGlobalSection
	GlobalSection(ProjectConfigurationPlatforms) = postSolution
		{7BA60F72-14F3-4F54-9858-A7D5DD8E9847}.Debug|Any CPU.ActiveCfg = Debug|Any CPU
		{7BA60F72-14F3-4F54-9858-A7D5DD8E9847}.Debug|Any CPU.Build.0 = Debug|Any CPU
		{7BA60F72-14F3-4F54-9858-A7D5DD8E9847}.Release|Any CPU.ActiveCfg = Release|Any CPU
		{7BA60F72-14F3-4F54-9858-A7D5DD8E9847}.Release|Any CPU.Build.0 = Release|Any CPU
	EndGlobalSection
	GlobalSection(SolutionProperties) = preSolution
		HideSolutionNode = FALSE
	EndGlobalSection
	GlobalSection(ExtensibilityGlobals) = postSolution
		SolutionGuid = {FB6F4751-31E5-4969-B26A-39F94839009C}
	EndGlobalSection
EndGlobal
